
Microsoft Visual Studio Solution File, Format Version 12.00
# Visual Studio Version 16
VisualStudioVersion = 16.0.29411.138
MinimumVisualStudioVersion = 10.0.40219.1
Project("{9A19103F-16F7-4668-BE54-9A1E7A4F7556}") = "BestNetPractices", "BestNetPractices.csproj", "{250F52C1-48FD-4693-876C-B9260A339AD9}"
EndProject
Project("{FAE04EC0-301F-11D3-BF4B-00C04F79EFBC}") = "Application", "..\Application\Application.csproj", "{212387AD-0552-41F8-AEB8-74C834E5AE4E}"
EndProject
Project("{FAE04EC0-301F-11D3-BF4B-00C04F79EFBC}") = "Domain", "..\Domain\Domain.csproj", "{A82DBAF7-5A6B-4C8A-9937-BFF6D0671A1A}"
EndProject
Project("{FAE04EC0-301F-11D3-BF4B-00C04F79EFBC}") = "Infrastructure", "..\Infrastructure\Infrastructure.csproj", "{03301AE6-C266-469F-9AC4-969E18D8D149}"
EndProject
Global
	GlobalSection(SolutionConfigurationPlatforms) = preSolution
		Debug|Any CPU = Debug|Any CPU
		Release|Any CPU = Release|Any CPU
	EndGlobalSection
	GlobalSection(ProjectConfigurationPlatforms) = postSolution
		{250F52C1-48FD-4693-876C-B9260A339AD9}.Debug|Any CPU.ActiveCfg = Debug|Any CPU
		{250F52C1-48FD-4693-876C-B9260A339AD9}.Debug|Any CPU.Build.0 = Debug|Any CPU
		{250F52C1-48FD-4693-876C-B9260A339AD9}.Release|Any CPU.ActiveCfg = Release|Any CPU
		{250F52C1-48FD-4693-876C-B9260A339AD9}.Release|Any CPU.Build.0 = Release|Any CPU
		{212387AD-0552-41F8-AEB8-74C834E5AE4E}.Debug|Any CPU.ActiveCfg = Debug|Any CPU
		{212387AD-0552-41F8-AEB8-74C834E5AE4E}.Debug|Any CPU.Build.0 = Debug|Any CPU
		{212387AD-0552-41F8-AEB8-74C834E5AE4E}.Release|Any CPU.ActiveCfg = Release|Any CPU
		{212387AD-0552-41F8-AEB8-74C834E5AE4E}.Release|Any CPU.Build.0 = Release|Any CPU
		{A82DBAF7-5A6B-4C8A-9937-BFF6D0671A1A}.Debug|Any CPU.ActiveCfg = Debug|Any CPU
		{A82DBAF7-5A6B-4C8A-9937-BFF6D0671A1A}.Debug|Any CPU.Build.0 = Debug|Any CPU
		{A82DBAF7-5A6B-4C8A-9937-BFF6D0671A1A}.Release|Any CPU.ActiveCfg = Release|Any CPU
		{A82DBAF7-5A6B-4C8A-9937-BFF6D0671A1A}.Release|Any CPU.Build.0 = Release|Any CPU
		{03301AE6-C266-469F-9AC4-969E18D8D149}.Debug|Any CPU.ActiveCfg = Debug|Any CPU
		{03301AE6-C266-469F-9AC4-969E18D8D149}.Debug|Any CPU.Build.0 = Debug|Any CPU
		{03301AE6-C266-469F-9AC4-969E18D8D149}.Release|Any CPU.ActiveCfg = Release|Any CPU
		{03301AE6-C266-469F-9AC4-969E18D8D149}.Release|Any CPU.Build.0 = Release|Any CPU
	EndGlobalSection
	GlobalSection(SolutionProperties) = preSolution
		HideSolutionNode = FALSE
	EndGlobalSection
	GlobalSection(ExtensibilityGlobals) = postSolution
		SolutionGuid = {11394AC7-E7F5-4057-9309-7EC6466DC694}
	EndGlobalSection
EndGlobal
